# THIS IS AN AUTOGENERATED FILE. DO NOT EDIT THIS FILE DIRECTLY.
# yarn lockfile v1


asar-reader@^1.1.0:
  version "1.1.0"
  resolved "https://registry.yarnpkg.com/asar-reader/-/asar-reader-1.1.0.tgz#9ee238971e6dc992b33fb6fcfb185e92cc7bff0c"
  dependencies:
    chromium-pickle-js "^0.2.0"
    thunky "^1.0.2"

chromium-pickle-js@^0.2.0:
  version "0.2.0"
  resolved "https://registry.yarnpkg.com/chromium-pickle-js/-/chromium-pickle-js-0.2.0.tgz#04a106672c18b085ab774d983dfa3ea138f22205"

minimist@^1.2.0:
  version "1.2.0"
  resolved "https://registry.yarnpkg.com/minimist/-/minimist-1.2.0.tgz#a35008b20f41383eec1fb914f4cd5df79a264284"

thunky@^1.0.2:
  version "1.0.2"
  resolved "https://registry.yarnpkg.com/thunky/-/thunky-1.0.2.tgz#a862e018e3fb1ea2ec3fce5d55605cf57f247371"
